// !$*UTF8*$!
{
	archiveVersion = 1;
	classes = {
	};
	objectVersion = 55;
	objects = {

/* Begin PBXBuildFile section */
		5635E5372921F31200A8DB78 /* AppDelegate.swift in Sources */ = {isa = PBXBuildFile; fileRef = 5635E5362921F31200A8DB78 /* AppDelegate.swift */; };
		5635E5392921F31200A8DB78 /* SceneDelegate.swift in Sources */ = {isa = PBXBuildFile; fileRef = 5635E5382921F31200A8DB78 /* SceneDelegate.swift */; };
		5635E53B2921F31200A8DB78 /* ViewController.swift in Sources */ = {isa = PBXBuildFile; fileRef = 5635E53A2921F31200A8DB78 /* ViewController.swift */; };
		5635E53E2921F31200A8DB78 /* Main.storyboard in Resources */ = {isa = PBXBuildFile; fileRef = 5635E53C2921F31200A8DB78 /* Main.storyboard */; };
		5635E5402921F31400A8DB78 /* Assets.xcassets in Resources */ = {isa = PBXBuildFile; fileRef = 5635E53F2921F31400A8DB78 /* Assets.xcassets */; };
		5635E5432921F31400A8DB78 /* LaunchScreen.storyboard in Resources */ = {isa = PBXBuildFile; fileRef = 5635E5412921F31400A8DB78 /* LaunchScreen.storyboard */; };
		5635E54E2921F31400A8DB78 /* OGalleryTests.swift in Sources */ = {isa = PBXBuildFile; fileRef = 5635E54D2921F31400A8DB78 /* OGalleryTests.swift */; };
		5635E5582921F31400A8DB78 /* OGalleryUITests.swift in Sources */ = {isa = PBXBuildFile; fileRef = 5635E5572921F31400A8DB78 /* OGalleryUITests.swift */; };
		5635E55A2921F31400A8DB78 /* OGalleryUITestsLaunchTests.swift in Sources */ = {isa = PBXBuildFile; fileRef = 5635E5592921F31400A8DB78 /* OGalleryUITestsLaunchTests.swift */; };
/* End PBXBuildFile section */

/* Begin PBXContainerItemProxy section */
		5635E54A2921F31400A8DB78 /* PBXContainerItemProxy */ = {
			isa = PBXContainerItemProxy;
			containerPortal = 5635E52B2921F31200A8DB78 /* Project object */;
			proxyType = 1;
			remoteGlobalIDString = 5635E5322921F31200A8DB78;
			remoteInfo = OGallery;
		};
		5635E5542921F31400A8DB78 /* PBXContainerItemProxy */ = {
			isa = PBXContainerItemProxy;
			containerPortal = 5635E52B2921F31200A8DB78 /* Project object */;
			proxyType = 1;
			remoteGlobalIDString = 5635E5322921F31200A8DB78;
			remoteInfo = OGallery;
		};
/* End PBXContainerItemProxy section */

/* Begin PBXFileReference section */
		5635E5332921F31200A8DB78 /* OGallery.app */ = {isa = PBXFileReference; explicitFileType = wrapper.application; includeInIndex = 0; path = OGallery.app; sourceTree = BUILT_PRODUCTS_DIR; };
		5635E5362921F31200A8DB78 /* AppDelegate.swift */ = {isa = PBXFileReference; lastKnownFileType = sourcecode.swift; path = AppDelegate.swift; sourceTree = "<group>"; };
		5635E5382921F31200A8DB78 /* SceneDelegate.swift */ = {isa = PBXFileReference; lastKnownFileType = sourcecode.swift; path = SceneDelegate.swift; sourceTree = "<group>"; };
		5635E53A2921F31200A8DB78 /* ViewController.swift */ = {isa = PBXFileReference; lastKnownFileType = sourcecode.swift; path = ViewController.swift; sourceTree = "<group>"; };
		5635E53D2921F31200A8DB78 /* Base */ = {isa = PBXFileReference; lastKnownFileType = file.storyboard; name = Base; path = Base.lproj/Main.storyboard; sourceTree = "<group>"; };
		5635E53F2921F31400A8DB78 /* Assets.xcassets */ = {isa = PBXFileReference; lastKnownFileType = folder.assetcatalog; path = Assets.xcassets; sourceTree = "<group>"; };
		5635E5422921F31400A8DB78 /* Base */ = {isa = PBXFileReference; lastKnownFileType = file.storyboard; name = Base; path = Base.lproj/LaunchScreen.storyboard; sourceTree = "<group>"; };
		5635E5442921F31400A8DB78 /* Info.plist */ = {isa = PBXFileReference; lastKnownFileType = text.plist.xml; path = Info.plist; sourceTree = "<group>"; };
		5635E5492921F31400A8DB78 /* OGalleryTests.xctest */ = {isa = PBXFileReference; explicitFileType = wrapper.cfbundle; includeInIndex = 0; path = OGalleryTests.xctest; sourceTree = BUILT_PRODUCTS_DIR; };
		5635E54D2921F31400A8DB78 /* OGalleryTests.swift */ = {isa = PBXFileReference; lastKnownFileType = sourcecode.swift; path = OGalleryTests.swift; sourceTree = "<group>"; };
		5635E5532921F31400A8DB78 /* OGalleryUITests.xctest */ = {isa = PBXFileReference; explicitFileType = wrapper.cfbundle; includeInIndex = 0; path = OGalleryUITests.xctest; sourceTree = BUILT_PRODUCTS_DIR; };
		5635E5572921F31400A8DB78 /* OGalleryUITests.swift */ = {isa = PBXFileReference; lastKnownFileType = sourcecode.swift; path = OGalleryUITests.swift; sourceTree = "<group>"; };
		5635E5592921F31400A8DB78 /* OGalleryUITestsLaunchTests.swift */ = {isa = PBXFileReference; lastKnownFileType = sourcecode.swift; path = OGalleryUITestsLaunchTests.swift; sourceTree = "<group>"; };
/* End PBXFileReference section */

/* Begin PBXFrameworksBuildPhase section */
		5635E5302921F31200A8DB78 /* Frameworks */ = {
			isa = PBXFrameworksBuildPhase;
			buildActionMask = 2147483647;
			files = (
			);
			runOnlyForDeploymentPostprocessing = 0;
		};
		5635E5462921F31400A8DB78 /* Frameworks */ = {
			isa = PBXFrameworksBuildPhase;
			buildActionMask = 2147483647;
			files = (
			);
			runOnlyForDeploymentPostprocessing = 0;
		};
		5635E5502921F31400A8DB78 /* Frameworks */ = {
			isa = PBXFrameworksBuildPhase;
			buildActionMask = 2147483647;
			files = (
			);
			runOnlyForDeploymentPostprocessing = 0;
		};
/* End PBXFrameworksBuildPhase section */

/* Begin PBXGroup section */
		5635E52A2921F31200A8DB78 = {
			isa = PBXGroup;
			children = (
				5635E5352921F31200A8DB78 /* OGallery */,
				5635E54C2921F31400A8DB78 /* OGalleryTests */,
				5635E5562921F31400A8DB78 /* OGalleryUITests */,
				5635E5342921F31200A8DB78 /* Products */,
			);
			sourceTree = "<group>";
		};
		5635E5342921F31200A8DB78 /* Products */ = {
			isa = PBXGroup;
			children = (
				5635E5332921F31200A8DB78 /* OGallery.app */,
				5635E5492921F31400A8DB78 /* OGalleryTests.xctest */,
				5635E5532921F31400A8DB78 /* OGalleryUITests.xctest */,
			);
			name = Products;
			sourceTree = "<group>";
		};
		5635E5352921F31200A8DB78 /* OGallery */ = {
			isa = PBXGroup;
			children = (
				5635E5362921F31200A8DB78 /* AppDelegate.swift */,
				5635E5382921F31200A8DB78 /* SceneDelegate.swift */,
				5635E53A2921F31200A8DB78 /* ViewController.swift */,
				5635E53C2921F31200A8DB78 /* Main.storyboard */,
				5635E53F2921F31400A8DB78 /* Assets.xcassets */,
				5635E5412921F31400A8DB78 /* LaunchScreen.storyboard */,
				5635E5442921F31400A8DB78 /* Info.plist */,
			);
			path = OGallery;
			sourceTree = "<group>";
		};
		5635E54C2921F31400A8DB78 /* OGalleryTests */ = {
			isa = PBXGroup;
			children = (
				5635E54D2921F31400A8DB78 /* OGalleryTests.swift */,
			);
			path = OGalleryTests;
			sourceTree = "<group>";
		};
		5635E5562921F31400A8DB78 /* OGalleryUITests */ = {
			isa = PBXGroup;
			children = (
				5635E5572921F31400A8DB78 /* OGalleryUITests.swift */,
				5635E5592921F31400A8DB78 /* OGalleryUITestsLaunchTests.swift */,
			);
			path = OGalleryUITests;
			sourceTree = "<group>";
		};
/* End PBXGroup section */

/* Begin PBXNativeTarget section */
		5635E5322921F31200A8DB78 /* OGallery */ = {
			isa = PBXNativeTarget;
			buildConfigurationList = 5635E55D2921F31400A8DB78 /* Build configuration list for PBXNativeTarget "OGallery" */;
			buildPhases = (
				5635E52F2921F31200A8DB78 /* Sources */,
				5635E5302921F31200A8DB78 /* Frameworks */,
				5635E5312921F31200A8DB78 /* Resources */,
			);
			buildRules = (
			);
			dependencies = (
			);
			name = OGallery;
			productName = OGallery;
			productReference = 5635E5332921F31200A8DB78 /* OGallery.app */;
			productType = "com.apple.product-type.application";
		};
		5635E5482921F31400A8DB78 /* OGalleryTests */ = {
			isa = PBXNativeTarget;
			buildConfigurationList = 5635E5602921F31400A8DB78 /* Build configuration list for PBXNativeTarget "OGalleryTests" */;
			buildPhases = (
				5635E5452921F31400A8DB78 /* Sources */,
				5635E5462921F31400A8DB78 /* Frameworks */,
				5635E5472921F31400A8DB78 /* Resources */,
			);
			buildRules = (
			);
			dependencies = (
				5635E54B2921F31400A8DB78 /* PBXTargetDependency */,
			);
			name = OGalleryTests;
			productName = OGalleryTests;
			productReference = 5635E5492921F31400A8DB78 /* OGalleryTests.xctest */;
			productType = "com.apple.product-type.bundle.unit-test";
		};
		5635E5522921F31400A8DB78 /* OGalleryUITests */ = {
			isa = PBXNativeTarget;
			buildConfigurationList = 5635E5632921F31400A8DB78 /* Build configuration list for PBXNativeTarget "OGalleryUITests" */;
			buildPhases = (
				5635E54F2921F31400A8DB78 /* Sources */,
				5635E5502921F31400A8DB78 /* Frameworks */,
				5635E5512921F31400A8DB78 /* Resources */,
			);
			buildRules = (
			);
			dependencies = (
				5635E5552921F31400A8DB78 /* PBXTargetDependency */,
			);
			name = OGalleryUITests;
			productName = OGalleryUITests;
			productReference = 5635E5532921F31400A8DB78 /* OGalleryUITests.xctest */;
			productType = "com.apple.product-type.bundle.ui-testing";
		};
/* End PBXNativeTarget section */

/* Begin PBXProject section */
		5635E52B2921F31200A8DB78 /* Project object */ = {
			isa = PBXProject;
			attributes = {
				BuildIndependentTargetsInParallel = 1;
				LastSwiftUpdateCheck = 1320;
				LastUpgradeCheck = 1320;
				TargetAttributes = {
					5635E5322921F31200A8DB78 = {
						CreatedOnToolsVersion = 13.2.1;
					};
					5635E5482921F31400A8DB78 = {
						CreatedOnToolsVersion = 13.2.1;
						TestTargetID = 5635E5322921F31200A8DB78;
					};
					5635E5522921F31400A8DB78 = {
						CreatedOnToolsVersion = 13.2.1;
						TestTargetID = 5635E5322921F31200A8DB78;
					};
				};
			};
			buildConfigurationList = 5635E52E2921F31200A8DB78 /* Build configuration list for PBXProject "OGallery" */;
			compatibilityVersion = "Xcode 13.0";
			developmentRegion = en;
			hasScannedForEncodings = 0;
			knownRegions = (
				en,
				Base,
			);
			mainGroup = 5635E52A2921F31200A8DB78;
			productRefGroup = 5635E5342921F31200A8DB78 /* Products */;
			projectDirPath = "";
			projectRoot = "";
			targets = (
				5635E5322921F31200A8DB78 /* OGallery */,
				5635E5482921F31400A8DB78 /* OGalleryTests */,
				5635E5522921F31400A8DB78 /* OGalleryUITests */,
			);
		};
/* End PBXProject section */

/* Begin PBXResourcesBuildPhase section */
		5635E5312921F31200A8DB78 /* Resources */ = {
			isa = PBXResourcesBuildPhase;
			buildActionMask = 2147483647;
			files = (
				5635E5432921F31400A8DB78 /* LaunchScreen.storyboard in Resources */,
				5635E5402921F31400A8DB78 /* Assets.xcassets in Resources */,
				5635E53E2921F31200A8DB78 /* Main.storyboard in Resources */,
			);
			runOnlyForDeploymentPostprocessing = 0;
		};
		5635E5472921F31400A8DB78 /* Resources */ = {
			isa = PBXResourcesBuildPhase;
			buildActionMask = 2147483647;
			files = (
			);
			runOnlyForDeploymentPostprocessing = 0;
		};
		5635E5512921F31400A8DB78 /* Resources */ = {
			isa = PBXResourcesBuildPhase;
			buildActionMask = 2147483647;
			files = (
			);
			runOnlyForDeploymentPostprocessing = 0;
		};
/* End PBXResourcesBuildPhase section */

/* Begin PBXSourcesBuildPhase section */
		5635E52F2921F31200A8DB78 /* Sources */ = {
			isa = PBXSourcesBuildPhase;
			buildActionMask = 2147483647;
			files = (
				5635E53B2921F31200A8DB78 /* ViewController.swift in Sources */,
				5635E5372921F31200A8DB78 /* AppDelegate.swift in Sources */,
				5635E5392921F31200A8DB78 /* SceneDelegate.swift in Sources */,
			);
			runOnlyForDeploymentPostprocessing = 0;
		};
		5635E5452921F31400A8DB78 /* Sources */ = {
			isa = PBXSourcesBuildPhase;
			buildActionMask = 2147483647;
			files = (
				5635E54E2921F31400A8DB78 /* OGalleryTests.swift in Sources */,
			);
			runOnlyForDeploymentPostprocessing = 0;
		};
		5635E54F2921F31400A8DB78 /* Sources */ = {
			isa = PBXSourcesBuildPhase;
			buildActionMask = 2147483647;
			files = (
				5635E55A2921F31400A8DB78 /* OGalleryUITestsLaunchTests.swift in Sources */,
				5635E5582921F31400A8DB78 /* OGalleryUITests.swift in Sources */,
			);
			runOnlyForDeploymentPostprocessing = 0;
		};
/* End PBXSourcesBuildPhase section */

/* Begin PBXTargetDependency section */
		5635E54B2921F31400A8DB78 /* PBXTargetDependency */ = {
			isa = PBXTargetDependency;
			target = 5635E5322921F31200A8DB78 /* OGallery */;
			targetProxy = 5635E54A2921F31400A8DB78 /* PBXContainerItemProxy */;
		};
		5635E5552921F31400A8DB78 /* PBXTargetDependency */ = {
			isa = PBXTargetDependency;
			target = 5635E5322921F31200A8DB78 /* OGallery */;
			targetProxy = 5635E5542921F31400A8DB78 /* PBXContainerItemProxy */;
		};
/* End PBXTargetDependency section */

/* Begin PBXVariantGroup section */
		5635E53C2921F31200A8DB78 /* Main.storyboard */ = {
			isa = PBXVariantGroup;
			children = (
				5635E53D2921F31200A8DB78 /* Base */,
			);
			name = Main.storyboard;
			sourceTree = "<group>";
		};
		5635E5412921F31400A8DB78 /* LaunchScreen.storyboard */ = {
			isa = PBXVariantGroup;
			children = (
				5635E5422921F31400A8DB78 /* Base */,
			);
			name = LaunchScreen.storyboard;
			sourceTree = "<group>";
		};
/* End PBXVariantGroup section */

/* Begin XCBuildConfiguration section */
		5635E55B2921F31400A8DB78 /* Debug */ = {
			isa = XCBuildConfiguration;
			buildSettings = {
				ALWAYS_SEARCH_USER_PATHS = NO;
				CLANG_ANALYZER_NONNULL = YES;
				CLANG_ANALYZER_NUMBER_OBJECT_CONVERSION = YES_AGGRESSIVE;
				CLANG_CXX_LANGUAGE_STANDARD = "gnu++17";
				CLANG_CXX_LIBRARY = "libc++";
				CLANG_ENABLE_MODULES = YES;
				CLANG_ENABLE_OBJC_ARC = YES;
				CLANG_ENABLE_OBJC_WEAK = YES;
				CLANG_WARN_BLOCK_CAPTURE_AUTORELEASING = YES;
				CLANG_WARN_BOOL_CONVERSION = YES;
				CLANG_WARN_COMMA = YES;
				CLANG_WARN_CONSTANT_CONVERSION = YES;
				CLANG_WARN_DEPRECATED_OBJC_IMPLEMENTATIONS = YES;
				CLANG_WARN_DIRECT_OBJC_ISA_USAGE = YES_ERROR;
				CLANG_WARN_DOCUMENTATION_COMMENTS = YES;
				CLANG_WARN_EMPTY_BODY = YES;
				CLANG_WARN_ENUM_CONVERSION = YES;
				CLANG_WARN_INFINITE_RECURSION = YES;
				CLANG_WARN_INT_CONVERSION = YES;
				CLANG_WARN_NON_LITERAL_NULL_CONVERSION = YES;
				CLANG_WARN_OBJC_IMPLICIT_RETAIN_SELF = YES;
				CLANG_WARN_OBJC_LITERAL_CONVERSION = YES;
				CLANG_WARN_OBJC_ROOT_CLASS = YES_ERROR;
				CLANG_WARN_QUOTED_INCLUDE_IN_FRAMEWORK_HEADER = YES;
				CLANG_WARN_RANGE_LOOP_ANALYSIS = YES;
				CLANG_WARN_STRICT_PROTOTYPES = YES;
				CLANG_WARN_SUSPICIOUS_MOVE = YES;
				CLANG_WARN_UNGUARDED_AVAILABILITY = YES_AGGRESSIVE;
				CLANG_WARN_UNREACHABLE_CODE = YES;
				CLANG_WARN__DUPLICATE_METHOD_MATCH = YES;
				COPY_PHASE_STRIP = NO;
				DEBUG_INFORMATION_FORMAT = dwarf;
				ENABLE_STRICT_OBJC_MSGSEND = YES;
				ENABLE_TESTABILITY = YES;
				GCC_C_LANGUAGE_STANDARD = gnu11;
				GCC_DYNAMIC_NO_PIC = NO;
				GCC_NO_COMMON_BLOCKS = YES;
				GCC_OPTIMIZATION_LEVEL = 0;
				GCC_PREPROCESSOR_DEFINITIONS = (
					"DEBUG=1",
					"$(inherited)",
				);
				GCC_WARN_64_TO_32_BIT_CONVERSION = YES;
				GCC_WARN_ABOUT_RETURN_TYPE = YES_ERROR;
				GCC_WARN_UNDECLARED_SELECTOR = YES;
				GCC_WARN_UNINITIALIZED_AUTOS = YES_AGGRESSIVE;
				GCC_WARN_UNUSED_FUNCTION = YES;
				GCC_WARN_UNUSED_VARIABLE = YES;
				IPHONEOS_DEPLOYMENT_TARGET = 15.2;
				MTL_ENABLE_DEBUG_INFO = INCLUDE_SOURCE;
				MTL_FAST_MATH = YES;
				ONLY_ACTIVE_ARCH = YES;
				SDKROOT = iphoneos;
				SWIFT_ACTIVE_COMPILATION_CONDITIONS = DEBUG;
				SWIFT_OPTIMIZATION_LEVEL = "-Onone";
			};
			name = Debug;
		};
		5635E55C2921F31400A8DB78 /* Release */ = {
			isa = XCBuildConfiguration;
			buildSettings = {
				ALWAYS_SEARCH_USER_PATHS = NO;
				CLANG_ANALYZER_NONNULL = YES;
				CLANG_ANALYZER_NUMBER_OBJECT_CONVERSION = YES_AGGRESSIVE;
				CLANG_CXX_LANGUAGE_STANDARD = "gnu++17";
				CLANG_CXX_LIBRARY = "libc++";
				CLANG_ENABLE_MODULES = YES;
				CLANG_ENABLE_OBJC_ARC = YES;
				CLANG_ENABLE_OBJC_WEAK = YES;
				CLANG_WARN_BLOCK_CAPTURE_AUTORELEASING = YES;
				CLANG_WARN_BOOL_CONVERSION = YES;
				CLANG_WARN_COMMA = YES;
				CLANG_WARN_CONSTANT_CONVERSION = YES;
				CLANG_WARN_DEPRECATED_OBJC_IMPLEMENTATIONS = YES;
				CLANG_WARN_DIRECT_OBJC_ISA_USAGE = YES_ERROR;
				CLANG_WARN_DOCUMENTATION_COMMENTS = YES;
				CLANG_WARN_EMPTY_BODY = YES;
				CLANG_WARN_ENUM_CONVERSION = YES;
				CLANG_WARN_INFINITE_RECURSION = YES;
				CLANG_WARN_INT_CONVERSION = YES;
				CLANG_WARN_NON_LITERAL_NULL_CONVERSION = YES;
				CLANG_WARN_OBJC_IMPLICIT_RETAIN_SELF = YES;
				CLANG_WARN_OBJC_LITERAL_CONVERSION = YES;
				CLANG_WARN_OBJC_ROOT_CLASS = YES_ERROR;
				CLANG_WARN_QUOTED_INCLUDE_IN_FRAMEWORK_HEADER = YES;
				CLANG_WARN_RANGE_LOOP_ANALYSIS = YES;
				CLANG_WARN_STRICT_PROTOTYPES = YES;
				CLANG_WARN_SUSPICIOUS_MOVE = YES;
				CLANG_WARN_UNGUARDED_AVAILABILITY = YES_AGGRESSIVE;
				CLANG_WARN_UNREACHABLE_CODE = YES;
				CLANG_WARN__DUPLICATE_METHOD_MATCH = YES;
				COPY_PHASE_STRIP = NO;
				DEBUG_INFORMATION_FORMAT = "dwarf-with-dsym";
				ENABLE_NS_ASSERTIONS = NO;
				ENABLE_STRICT_OBJC_MSGSEND = YES;
				GCC_C_LANGUAGE_STANDARD = gnu11;
				GCC_NO_COMMON_BLOCKS = YES;
				GCC_WARN_64_TO_32_BIT_CONVERSION = YES;
				GCC_WARN_ABOUT_RETURN_TYPE = YES_ERROR;
				GCC_WARN_UNDECLARED_SELECTOR = YES;
				GCC_WARN_UNINITIALIZED_AUTOS = YES_AGGRESSIVE;
				GCC_WARN_UNUSED_FUNCTION = YES;
				GCC_WARN_UNUSED_VARIABLE = YES;
				IPHONEOS_DEPLOYMENT_TARGET = 15.2;
				MTL_ENABLE_DEBUG_INFO = NO;
				MTL_FAST_MATH = YES;
				SDKROOT = iphoneos;
				SWIFT_COMPILATION_MODE = wholemodule;
				SWIFT_OPTIMIZATION_LEVEL = "-O";
				VALIDATE_PRODUCT = YES;
			};
			name = Release;
		};
		5635E55E2921F31400A8DB78 /* Debug */ = {
			isa = XCBuildConfiguration;
			buildSettings = {
				ASSETCATALOG_COMPILER_APPICON_NAME = AppIcon;
				ASSETCATALOG_COMPILER_GLOBAL_ACCENT_COLOR_NAME = AccentColor;
				CODE_SIGN_STYLE = Automatic;
				CURRENT_PROJECT_VERSION = 1;
				GENERATE_INFOPLIST_FILE = YES;
				INFOPLIST_FILE = OGallery/Info.plist;
				INFOPLIST_KEY_UIApplicationSupportsIndirectInputEvents = YES;
				INFOPLIST_KEY_UILaunchStoryboardName = LaunchScreen;
				INFOPLIST_KEY_UIMainStoryboardFile = Main;
				INFOPLIST_KEY_UISupportedInterfaceOrientations_iPad = "UIInterfaceOrientationPortrait UIInterfaceOrientationPortraitUpsideDown UIInterfaceOrientationLandscapeLeft UIInterfaceOrientationLandscapeRight";
				INFOPLIST_KEY_UISupportedInterfaceOrientations_iPhone = "UIInterfaceOrientationPortrait UIInterfaceOrientationLandscapeLeft UIInterfaceOrientationLandscapeRight";
				LD_RUNPATH_SEARCH_PATHS = (
					"$(inherited)",
					"@executable_path/Frameworks",
				);
				MARKETING_VERSION = 1.0;
				PRODUCT_BUNDLE_IDENTIFIER = com.obvious.OGallery;
				PRODUCT_NAME = "$(TARGET_NAME)";
				SWIFT_EMIT_LOC_STRINGS = YES;
				SWIFT_VERSION = 5.0;
				TARGETED_DEVICE_FAMILY = "1,2";
			};
			name = Debug;
		};
		5635E55F2921F31400A8DB78 /* Release */ = {
			isa = XCBuildConfiguration;
			buildSettings = {
				ASSETCATALOG_COMPILER_APPICON_NAME = AppIcon;
				ASSETCATALOG_COMPILER_GLOBAL_ACCENT_COLOR_NAME = AccentColor;
				CODE_SIGN_STYLE = Automatic;
				CURRENT_PROJECT_VERSION = 1;
				GENERATE_INFOPLIST_FILE = YES;
				INFOPLIST_FILE = OGallery/Info.plist;
				INFOPLIST_KEY_UIApplicationSupportsIndirectInputEvents = YES;
				INFOPLIST_KEY_UILaunchStoryboardName = LaunchScreen;
				INFOPLIST_KEY_UIMainStoryboardFile = Main;
				INFOPLIST_KEY_UISupportedInterfaceOrientations_iPad = "UIInterfaceOrientationPortrait UIInterfaceOrientationPortraitUpsideDown UIInterfaceOrientationLandscapeLeft UIInterfaceOrientationLandscapeRight";
				INFOPLIST_KEY_UISupportedInterfaceOrientations_iPhone = "UIInterfaceOrientationPortrait UIInterfaceOrientationLandscapeLeft UIInterfaceOrientationLandscapeRight";
				LD_RUNPATH_SEARCH_PATHS = (
					"$(inherited)",
					"@executable_path/Frameworks",
				);
				MARKETING_VERSION = 1.0;
				PRODUCT_BUNDLE_IDENTIFIER = com.obvious.OGallery;
				PRODUCT_NAME = "$(TARGET_NAME)";
				SWIFT_EMIT_LOC_STRINGS = YES;
				SWIFT_VERSION = 5.0;
				TARGETED_DEVICE_FAMILY = "1,2";
			};
			name = Release;
		};
		5635E5612921F31400A8DB78 /* Debug */ = {
			isa = XCBuildConfiguration;
			buildSettings = {
				ALWAYS_EMBED_SWIFT_STANDARD_LIBRARIES = YES;
				BUNDLE_LOADER = "$(TEST_HOST)";
				CODE_SIGN_STYLE = Automatic;
				CURRENT_PROJECT_VERSION = 1;
				GENERATE_INFOPLIST_FILE = YES;
				IPHONEOS_DEPLOYMENT_TARGET = 15.2;
				MARKETING_VERSION = 1.0;
				PRODUCT_BUNDLE_IDENTIFIER = com.obvious.OGalleryTests;
				PRODUCT_NAME = "$(TARGET_NAME)";
				SWIFT_EMIT_LOC_STRINGS = NO;
				SWIFT_VERSION = 5.0;
				TARGETED_DEVICE_FAMILY = "1,2";
				TEST_HOST = "$(BUILT_PRODUCTS_DIR)/OGallery.app/OGallery";
			};
			name = Debug;
		};
		5635E5622921F31400A8DB78 /* Release */ = {
			isa = XCBuildConfiguration;
			buildSettings = {
				ALWAYS_EMBED_SWIFT_STANDARD_LIBRARIES = YES;
				BUNDLE_LOADER = "$(TEST_HOST)";
				CODE_SIGN_STYLE = Automatic;
				CURRENT_PROJECT_VERSION = 1;
				GENERATE_INFOPLIST_FILE = YES;
				IPHONEOS_DEPLOYMENT_TARGET = 15.2;
				MARKETING_VERSION = 1.0;
				PRODUCT_BUNDLE_IDENTIFIER = com.obvious.OGalleryTests;
				PRODUCT_NAME = "$(TARGET_NAME)";
				SWIFT_EMIT_LOC_STRINGS = NO;
				SWIFT_VERSION = 5.0;
				TARGETED_DEVICE_FAMILY = "1,2";
				TEST_HOST = "$(BUILT_PRODUCTS_DIR)/OGallery.app/OGallery";
			};
			name = Release;
		};
		5635E5642921F31400A8DB78 /* Debug */ = {
			isa = XCBuildConfiguration;
			buildSettings = {
				ALWAYS_EMBED_SWIFT_STANDARD_LIBRARIES = YES;
				CODE_SIGN_STYLE = Automatic;
				CURRENT_PROJECT_VERSION = 1;
				GENERATE_INFOPLIST_FILE = YES;
				MARKETING_VERSION = 1.0;
				PRODUCT_BUNDLE_IDENTIFIER = com.obvious.OGalleryUITests;
				PRODUCT_NAME = "$(TARGET_NAME)";
				SWIFT_EMIT_LOC_STRINGS = NO;
				SWIFT_VERSION = 5.0;
				TARGETED_DEVICE_FAMILY = "1,2";
				TEST_TARGET_NAME = OGallery;
			};
			name = Debug;
		};
		5635E5652921F31400A8DB78 /* Release */ = {
			isa = XCBuildConfiguration;
			buildSettings = {
				ALWAYS_EMBED_SWIFT_STANDARD_LIBRARIES = YES;
				CODE_SIGN_STYLE = Automatic;
				CURRENT_PROJECT_VERSION = 1;
				GENERATE_INFOPLIST_FILE = YES;
				MARKETING_VERSION = 1.0;
				PRODUCT_BUNDLE_IDENTIFIER = com.obvious.OGalleryUITests;
				PRODUCT_NAME = "$(TARGET_NAME)";
				SWIFT_EMIT_LOC_STRINGS = NO;
				SWIFT_VERSION = 5.0;
				TARGETED_DEVICE_FAMILY = "1,2";
				TEST_TARGET_NAME = OGallery;
			};
			name = Release;
		};
/* End XCBuildConfiguration section */

/* Begin XCConfigurationList section */
		5635E52E2921F31200A8DB78 /* Build configuration list for PBXProject "OGallery" */ = {
			isa = XCConfigurationList;
			buildConfigurations = (
				5635E55B2921F31400A8DB78 /* Debug */,
				5635E55C2921F31400A8DB78 /* Release */,
			);
			defaultConfigurationIsVisible = 0;
			defaultConfigurationName = Release;
		};
		5635E55D2921F31400A8DB78 /* Build configuration list for PBXNativeTarget "OGallery" */ = {
			isa = XCConfigurationList;
			buildConfigurations = (
				5635E55E2921F31400A8DB78 /* Debug */,
				5635E55F2921F31400A8DB78 /* Release */,
			);
			defaultConfigurationIsVisible = 0;
			defaultConfigurationName = Release;
		};
		5635E5602921F31400A8DB78 /* Build configuration list for PBXNativeTarget "OGalleryTests" */ = {
			isa = XCConfigurationList;
			buildConfigurations = (
				5635E5612921F31400A8DB78 /* Debug */,
				5635E5622921F31400A8DB78 /* Release */,
			);
			defaultConfigurationIsVisible = 0;
			defaultConfigurationName = Release;
		};
		5635E5632921F31400A8DB78 /* Build configuration list for PBXNativeTarget "OGalleryUITests" */ = {
			isa = XCConfigurationList;
			buildConfigurations = (
				5635E5642921F31400A8DB78 /* Debug */,
				5635E5652921F31400A8DB78 /* Release */,
			);
			defaultConfigurationIsVisible = 0;
			defaultConfigurationName = Release;
		};
/* End XCConfigurationList section */
	};
	rootObject = 5635E52B2921F31200A8DB78 /* Project object */;
}
